{
  "name": "uniapp-qsbk",
  "version": "1.0.0",
  "lockfileVersion": 1,
  "requires": true,
  "dependencies": {
    "moment": {
      "version": "2.29.1",
      "resolved": "https://registry.npm.taobao.org/moment/download/moment-2.29.1.tgz",
      "integrity": "sha1-sr52n6MZQL6e7qZGnAdeNQBvo9M="
    },
		"uni-request": {
			"version": "1.0.2",
			"resolved": "https://registry.npm.taobao.org/uni-request/download/uni-request-1.0.2.tgz",
			"integrity": "sha1-qidrHobVgi5KdHpIRkiSJ0SH3FI="
		}
  }
}
